
Microsoft Visual Studio Solution File, Format Version 12.00
# Visual Studio Version 17
VisualStudioVersion = 17.14.37531.7 d17.14
MinimumVisualStudioVersion = 10.0.40219.1
Project("{FAE04EC0-301F-11D3-BF4B-00C04F79EFBC}") = "Bài 14", "Bài 14.csproj", "{793647B5-A1AC-4441-86C8-D3FB3BCD8C1D}"
EndProject
Global
	GlobalSection(SolutionConfigurationPlatforms) = preSolution
		Debug|Any CPU = Debug|Any CPU
		Release|Any CPU = Release|Any CPU
	EndGlobalSection
	GlobalSection(ProjectConfigurationPlatforms) = postSolution
		{793647B5-A1AC-4441-86C8-D3FB3BCD8C1D}.Debug|Any CPU.ActiveCfg = Debug|Any CPU
		{793647B5-A1AC-4441-86C8-D3FB3BCD8C1D}.Debug|Any CPU.Build.0 = Debug|Any CPU
		{793647B5-A1AC-4441-86C8-D3FB3BCD8C1D}.Release|Any CPU.ActiveCfg = Release|Any CPU
		{793647B5-A1AC-4441-86C8-D3FB3BCD8C1D}.Release|Any CPU.Build.0 = Release|Any CPU
	EndGlobalSection
	GlobalSection(SolutionProperties) = preSolution
		HideSolutionNode = FALSE
	EndGlobalSection
	GlobalSection(ExtensibilityGlobals) = postSolution
		SolutionGuid = {32CDE6EB-CE98-496D-95A8-1ED824200529}
	EndGlobalSection
EndGlobal
