
Microsoft Visual Studio Solution File, Format Version 12.00
# Visual Studio Version 17
VisualStudioVersion = 17.14.37531.7 d17.14
MinimumVisualStudioVersion = 10.0.40219.1
Project("{FAE04EC0-301F-11D3-BF4B-00C04F79EFBC}") = "Bài 25", "Bài 25.csproj", "{C866178E-662A-46D6-B99F-FAC963E497FB}"
EndProject
Global
	GlobalSection(SolutionConfigurationPlatforms) = preSolution
		Debug|Any CPU = Debug|Any CPU
		Release|Any CPU = Release|Any CPU
	EndGlobalSection
	GlobalSection(ProjectConfigurationPlatforms) = postSolution
		{C866178E-662A-46D6-B99F-FAC963E497FB}.Debug|Any CPU.ActiveCfg = Debug|Any CPU
		{C866178E-662A-46D6-B99F-FAC963E497FB}.Debug|Any CPU.Build.0 = Debug|Any CPU
		{C866178E-662A-46D6-B99F-FAC963E497FB}.Release|Any CPU.ActiveCfg = Release|Any CPU
		{C866178E-662A-46D6-B99F-FAC963E497FB}.Release|Any CPU.Build.0 = Release|Any CPU
	EndGlobalSection
	GlobalSection(SolutionProperties) = preSolution
		HideSolutionNode = FALSE
	EndGlobalSection
	GlobalSection(ExtensibilityGlobals) = postSolution
		SolutionGuid = {88A8F865-52C2-4176-9214-5418A7F5AAB2}
	EndGlobalSection
EndGlobal
