
Microsoft Visual Studio Solution File, Format Version 12.00
# Visual Studio Version 17
VisualStudioVersion = 17.14.37531.7 d17.14
MinimumVisualStudioVersion = 10.0.40219.1
Project("{FAE04EC0-301F-11D3-BF4B-00C04F79EFBC}") = "CSharp-Learning-Journey", "CSharp-Learning-Journey.csproj", "{18666C70-3E64-473D-A132-16916005BC49}"
EndProject
Global
	GlobalSection(SolutionConfigurationPlatforms) = preSolution
		Debug|Any CPU = Debug|Any CPU
		Release|Any CPU = Release|Any CPU
	EndGlobalSection
	GlobalSection(ProjectConfigurationPlatforms) = postSolution
		{18666C70-3E64-473D-A132-16916005BC49}.Debug|Any CPU.ActiveCfg = Debug|Any CPU
		{18666C70-3E64-473D-A132-16916005BC49}.Debug|Any CPU.Build.0 = Debug|Any CPU
		{18666C70-3E64-473D-A132-16916005BC49}.Release|Any CPU.ActiveCfg = Release|Any CPU
		{18666C70-3E64-473D-A132-16916005BC49}.Release|Any CPU.Build.0 = Release|Any CPU
	EndGlobalSection
	GlobalSection(SolutionProperties) = preSolution
		HideSolutionNode = FALSE
	EndGlobalSection
	GlobalSection(ExtensibilityGlobals) = postSolution
		SolutionGuid = {E422333E-7D03-4C56-96CA-FE59AAE2CB77}
	EndGlobalSection
EndGlobal
