
Microsoft Visual Studio Solution File, Format Version 12.00
# Visual Studio Version 17
VisualStudioVersion = 17.14.37531.7 d17.14
MinimumVisualStudioVersion = 10.0.40219.1
Project("{FAE04EC0-301F-11D3-BF4B-00C04F79EFBC}") = "Bài 17", "Bài 17.csproj", "{01851CB9-FFCA-486E-A5F9-EC803B44DB55}"
EndProject
Global
	GlobalSection(SolutionConfigurationPlatforms) = preSolution
		Debug|Any CPU = Debug|Any CPU
		Release|Any CPU = Release|Any CPU
	EndGlobalSection
	GlobalSection(ProjectConfigurationPlatforms) = postSolution
		{01851CB9-FFCA-486E-A5F9-EC803B44DB55}.Debug|Any CPU.ActiveCfg = Debug|Any CPU
		{01851CB9-FFCA-486E-A5F9-EC803B44DB55}.Debug|Any CPU.Build.0 = Debug|Any CPU
		{01851CB9-FFCA-486E-A5F9-EC803B44DB55}.Release|Any CPU.ActiveCfg = Release|Any CPU
		{01851CB9-FFCA-486E-A5F9-EC803B44DB55}.Release|Any CPU.Build.0 = Release|Any CPU
	EndGlobalSection
	GlobalSection(SolutionProperties) = preSolution
		HideSolutionNode = FALSE
	EndGlobalSection
	GlobalSection(ExtensibilityGlobals) = postSolution
		SolutionGuid = {6394D1A6-1737-462D-A123-A205585C857C}
	EndGlobalSection
EndGlobal
