
Microsoft Visual Studio Solution File, Format Version 12.00
# Visual Studio Version 17
VisualStudioVersion = 17.14.37531.7 d17.14
MinimumVisualStudioVersion = 10.0.40219.1
Project("{FAE04EC0-301F-11D3-BF4B-00C04F79EFBC}") = "Bài 8", "Bài 8.csproj", "{C21470AF-B2DF-4A47-A916-420E5562B494}"
EndProject
Global
	GlobalSection(SolutionConfigurationPlatforms) = preSolution
		Debug|Any CPU = Debug|Any CPU
		Release|Any CPU = Release|Any CPU
	EndGlobalSection
	GlobalSection(ProjectConfigurationPlatforms) = postSolution
		{C21470AF-B2DF-4A47-A916-420E5562B494}.Debug|Any CPU.ActiveCfg = Debug|Any CPU
		{C21470AF-B2DF-4A47-A916-420E5562B494}.Debug|Any CPU.Build.0 = Debug|Any CPU
		{C21470AF-B2DF-4A47-A916-420E5562B494}.Release|Any CPU.ActiveCfg = Release|Any CPU
		{C21470AF-B2DF-4A47-A916-420E5562B494}.Release|Any CPU.Build.0 = Release|Any CPU
	EndGlobalSection
	GlobalSection(SolutionProperties) = preSolution
		HideSolutionNode = FALSE
	EndGlobalSection
	GlobalSection(ExtensibilityGlobals) = postSolution
		SolutionGuid = {14AF5E2C-6381-4B99-B432-2E4AF920254A}
	EndGlobalSection
EndGlobal
