
Microsoft Visual Studio Solution File, Format Version 12.00
# Visual Studio Version 17
VisualStudioVersion = 17.14.37531.7 d17.14
MinimumVisualStudioVersion = 10.0.40219.1
Project("{FAE04EC0-301F-11D3-BF4B-00C04F79EFBC}") = "Bài 23", "Bài 23.csproj", "{F24C0557-6E6C-4FFE-BA0F-E360D9B2119F}"
EndProject
Global
	GlobalSection(SolutionConfigurationPlatforms) = preSolution
		Debug|Any CPU = Debug|Any CPU
		Release|Any CPU = Release|Any CPU
	EndGlobalSection
	GlobalSection(ProjectConfigurationPlatforms) = postSolution
		{F24C0557-6E6C-4FFE-BA0F-E360D9B2119F}.Debug|Any CPU.ActiveCfg = Debug|Any CPU
		{F24C0557-6E6C-4FFE-BA0F-E360D9B2119F}.Debug|Any CPU.Build.0 = Debug|Any CPU
		{F24C0557-6E6C-4FFE-BA0F-E360D9B2119F}.Release|Any CPU.ActiveCfg = Release|Any CPU
		{F24C0557-6E6C-4FFE-BA0F-E360D9B2119F}.Release|Any CPU.Build.0 = Release|Any CPU
	EndGlobalSection
	GlobalSection(SolutionProperties) = preSolution
		HideSolutionNode = FALSE
	EndGlobalSection
	GlobalSection(ExtensibilityGlobals) = postSolution
		SolutionGuid = {E4F2DD54-F9A2-4C89-8919-EF0E785EA921}
	EndGlobalSection
EndGlobal
