
Microsoft Visual Studio Solution File, Format Version 12.00
# Visual Studio Version 17
VisualStudioVersion = 17.14.37531.7 d17.14
MinimumVisualStudioVersion = 10.0.40219.1
Project("{FAE04EC0-301F-11D3-BF4B-00C04F79EFBC}") = "Bài 26", "Bài 26.csproj", "{9C17BD78-0098-4627-AA4D-9844E4D7C218}"
EndProject
Global
	GlobalSection(SolutionConfigurationPlatforms) = preSolution
		Debug|Any CPU = Debug|Any CPU
		Release|Any CPU = Release|Any CPU
	EndGlobalSection
	GlobalSection(ProjectConfigurationPlatforms) = postSolution
		{9C17BD78-0098-4627-AA4D-9844E4D7C218}.Debug|Any CPU.ActiveCfg = Debug|Any CPU
		{9C17BD78-0098-4627-AA4D-9844E4D7C218}.Debug|Any CPU.Build.0 = Debug|Any CPU
		{9C17BD78-0098-4627-AA4D-9844E4D7C218}.Release|Any CPU.ActiveCfg = Release|Any CPU
		{9C17BD78-0098-4627-AA4D-9844E4D7C218}.Release|Any CPU.Build.0 = Release|Any CPU
	EndGlobalSection
	GlobalSection(SolutionProperties) = preSolution
		HideSolutionNode = FALSE
	EndGlobalSection
	GlobalSection(ExtensibilityGlobals) = postSolution
		SolutionGuid = {FDF790DB-9B00-4553-BDE2-BBBC8A3C867D}
	EndGlobalSection
EndGlobal
