
Microsoft Visual Studio Solution File, Format Version 12.00
# Visual Studio Version 17
VisualStudioVersion = 17.14.37531.7 d17.14
MinimumVisualStudioVersion = 10.0.40219.1
Project("{FAE04EC0-301F-11D3-BF4B-00C04F79EFBC}") = "Bài 27", "Bài 27.csproj", "{78F8DA69-4BB1-41AB-9986-2FB4CC7F4C74}"
EndProject
Global
	GlobalSection(SolutionConfigurationPlatforms) = preSolution
		Debug|Any CPU = Debug|Any CPU
		Release|Any CPU = Release|Any CPU
	EndGlobalSection
	GlobalSection(ProjectConfigurationPlatforms) = postSolution
		{78F8DA69-4BB1-41AB-9986-2FB4CC7F4C74}.Debug|Any CPU.ActiveCfg = Debug|Any CPU
		{78F8DA69-4BB1-41AB-9986-2FB4CC7F4C74}.Debug|Any CPU.Build.0 = Debug|Any CPU
		{78F8DA69-4BB1-41AB-9986-2FB4CC7F4C74}.Release|Any CPU.ActiveCfg = Release|Any CPU
		{78F8DA69-4BB1-41AB-9986-2FB4CC7F4C74}.Release|Any CPU.Build.0 = Release|Any CPU
	EndGlobalSection
	GlobalSection(SolutionProperties) = preSolution
		HideSolutionNode = FALSE
	EndGlobalSection
	GlobalSection(ExtensibilityGlobals) = postSolution
		SolutionGuid = {CF37BE77-E060-44B1-B608-E045B2563F68}
	EndGlobalSection
EndGlobal
