
Microsoft Visual Studio Solution File, Format Version 12.00
# Visual Studio Version 17
VisualStudioVersion = 17.14.37531.7 d17.14
MinimumVisualStudioVersion = 10.0.40219.1
Project("{FAE04EC0-301F-11D3-BF4B-00C04F79EFBC}") = "Bài 31", "Bài 31.csproj", "{D61E537A-4926-436E-8917-E34AAEB9848B}"
EndProject
Global
	GlobalSection(SolutionConfigurationPlatforms) = preSolution
		Debug|Any CPU = Debug|Any CPU
		Release|Any CPU = Release|Any CPU
	EndGlobalSection
	GlobalSection(ProjectConfigurationPlatforms) = postSolution
		{D61E537A-4926-436E-8917-E34AAEB9848B}.Debug|Any CPU.ActiveCfg = Debug|Any CPU
		{D61E537A-4926-436E-8917-E34AAEB9848B}.Debug|Any CPU.Build.0 = Debug|Any CPU
		{D61E537A-4926-436E-8917-E34AAEB9848B}.Release|Any CPU.ActiveCfg = Release|Any CPU
		{D61E537A-4926-436E-8917-E34AAEB9848B}.Release|Any CPU.Build.0 = Release|Any CPU
	EndGlobalSection
	GlobalSection(SolutionProperties) = preSolution
		HideSolutionNode = FALSE
	EndGlobalSection
	GlobalSection(ExtensibilityGlobals) = postSolution
		SolutionGuid = {5597E502-A5D8-413A-989E-773654C0BEC3}
	EndGlobalSection
EndGlobal
